// !$*UTF8*$!
{
	archiveVersion = 1;
	classes = {
	};
	objectVersion = 46;
	objects = {

/* Begin PBXBuildFile section */
		069A25161B96D47400637BC6 /* main.m in Sources */ = {isa = PBXBuildFile; fileRef = 069A25151B96D47400637BC6 /* main.m */; };
		069A25191B96D47400637BC6 /* AppDelegate.m in Sources */ = {isa = PBXBuildFile; fileRef = 069A25181B96D47400637BC6 /* AppDelegate.m */; };
		069A251C1B96D47400637BC6 /* ViewController.m in Sources */ = {isa = PBXBuildFile; fileRef = 069A251B1B96D47400637BC6 /* ViewController.m */; };
		069A251F1B96D47400637BC6 /* Main.storyboard in Resources */ = {isa = PBXBuildFile; fileRef = 069A251D1B96D47400637BC6 /* Main.storyboard */; };
		069A25211B96D47400637BC6 /* Images.xcassets in Resources */ = {isa = PBXBuildFile; fileRef = 069A25201B96D47400637BC6 /* Images.xcassets */; };
		069A25241B96D47400637BC6 /* LaunchScreen.xib in Resources */ = {isa = PBXBuildFile; fileRef = 069A25221B96D47400637BC6 /* LaunchScreen.xib */; };
		069A25301B96D47400637BC6 /* pickerTests.m in Sources */ = {isa = PBXBuildFile; fileRef = 069A252F1B96D47400637BC6 /* pickerTests.m */; };
		069A253B1B96D7AE00637BC6 /* mypicker.m in Sources */ = {isa = PBXBuildFile; fileRef = 069A253A1B96D7AE00637BC6 /* mypicker.m */; };
/* End PBXBuildFile section */

/* Begin PBXContainerItemProxy section */
		069A252A1B96D47400637BC6 /* PBXContainerItemProxy */ = {
			isa = PBXContainerItemProxy;
			containerPortal = 069A25081B96D47400637BC6 /* Project object */;
			proxyType = 1;
			remoteGlobalIDString = 069A250F1B96D47400637BC6;
			remoteInfo = picker;
		};
/* End PBXContainerItemProxy section */

/* Begin PBXFileReference section */
		069A25101B96D47400637BC6 /* picker.app */ = {isa = PBXFileReference; explicitFileType = wrapper.application; includeInIndex = 0; path = picker.app; sourceTree = BUILT_PRODUCTS_DIR; };
		069A25141B96D47400637BC6 /* Info.plist */ = {isa = PBXFileReference; lastKnownFileType = text.plist.xml; path = Info.plist; sourceTree = "<group>"; };
		069A25151B96D47400637BC6 /* main.m */ = {isa = PBXFileReference; lastKnownFileType = sourcecode.c.objc; path = main.m; sourceTree = "<group>"; };
		069A25171B96D47400637BC6 /* AppDelegate.h */ = {isa = PBXFileReference; lastKnownFileType = sourcecode.c.h; path = AppDelegate.h; sourceTree = "<group>"; };
		069A25181B96D47400637BC6 /* AppDelegate.m */ = {isa = PBXFileReference; lastKnownFileType = sourcecode.c.objc; path = AppDelegate.m; sourceTree = "<group>"; };
		069A251A1B96D47400637BC6 /* ViewController.h */ = {isa = PBXFileReference; lastKnownFileType = sourcecode.c.h; path = ViewController.h; sourceTree = "<group>"; };
		069A251B1B96D47400637BC6 /* ViewController.m */ = {isa = PBXFileReference; lastKnownFileType = sourcecode.c.objc; path = ViewController.m; sourceTree = "<group>"; };
		069A251E1B96D47400637BC6 /* Base */ = {isa = PBXFileReference; lastKnownFileType = file.storyboard; name = Base; path = Base.lproj/Main.storyboard; sourceTree = "<group>"; };
		069A25201B96D47400637BC6 /* Images.xcassets */ = {isa = PBXFileReference; lastKnownFileType = folder.assetcatalog; path = Images.xcassets; sourceTree = "<group>"; };
		069A25231B96D47400637BC6 /* Base */ = {isa = PBXFileReference; lastKnownFileType = file.xib; name = Base; path = Base.lproj/LaunchScreen.xib; sourceTree = "<group>"; };
		069A25291B96D47400637BC6 /* pickerTests.xctest */ = {isa = PBXFileReference; explicitFileType = wrapper.cfbundle; includeInIndex = 0; path = pickerTests.xctest; sourceTree = BUILT_PRODUCTS_DIR; };
		069A252E1B96D47400637BC6 /* Info.plist */ = {isa = PBXFileReference; lastKnownFileType = text.plist.xml; path = Info.plist; sourceTree = "<group>"; };
		069A252F1B96D47400637BC6 /* pickerTests.m */ = {isa = PBXFileReference; lastKnownFileType = sourcecode.c.objc; path = pickerTests.m; sourceTree = "<group>"; };
		069A25391B96D7AE00637BC6 /* mypicker.h */ = {isa = PBXFileReference; fileEncoding = 4; lastKnownFileType = sourcecode.c.h; path = mypicker.h; sourceTree = "<group>"; };
		069A253A1B96D7AE00637BC6 /* mypicker.m */ = {isa = PBXFileReference; fileEncoding = 4; lastKnownFileType = sourcecode.c.objc; path = mypicker.m; sourceTree = "<group>"; };
/* End PBXFileReference section */

/* Begin PBXFrameworksBuildPhase section */
		069A250D1B96D47400637BC6 /* Frameworks */ = {
			isa = PBXFrameworksBuildPhase;
			buildActionMask = 2147483647;
			files = (
			);
			runOnlyForDeploymentPostprocessing = 0;
		};
		069A25261B96D47400637BC6 /* Frameworks */ = {
			isa = PBXFrameworksBuildPhase;
			buildActionMask = 2147483647;
			files = (
			);
			runOnlyForDeploymentPostprocessing = 0;
		};
/* End PBXFrameworksBuildPhase section */

/* Begin PBXGroup section */
		069A25071B96D47400637BC6 = {
			isa = PBXGroup;
			children = (
				069A25121B96D47400637BC6 /* picker */,
				069A252C1B96D47400637BC6 /* pickerTests */,
				069A25111B96D47400637BC6 /* Products */,
			);
			sourceTree = "<group>";
		};
		069A25111B96D47400637BC6 /* Products */ = {
			isa = PBXGroup;
			children = (
				069A25101B96D47400637BC6 /* picker.app */,
				069A25291B96D47400637BC6 /* pickerTests.xctest */,
			);
			name = Products;
			sourceTree = "<group>";
		};
		069A25121B96D47400637BC6 /* picker */ = {
			isa = PBXGroup;
			children = (
				069A25171B96D47400637BC6 /* AppDelegate.h */,
				069A25181B96D47400637BC6 /* AppDelegate.m */,
				069A251A1B96D47400637BC6 /* ViewController.h */,
				069A251B1B96D47400637BC6 /* ViewController.m */,
				069A251D1B96D47400637BC6 /* Main.storyboard */,
				069A25201B96D47400637BC6 /* Images.xcassets */,
				069A25221B96D47400637BC6 /* LaunchScreen.xib */,
				069A25131B96D47400637BC6 /* Supporting Files */,
				069A25391B96D7AE00637BC6 /* mypicker.h */,
				069A253A1B96D7AE00637BC6 /* mypicker.m */,
			);
			path = picker;
			sourceTree = "<group>";
		};
		069A25131B96D47400637BC6 /* Supporting Files */ = {
			isa = PBXGroup;
			children = (
				069A25141B96D47400637BC6 /* Info.plist */,
				069A25151B96D47400637BC6 /* main.m */,
			);
			name = "Supporting Files";
			sourceTree = "<group>";
		};
		069A252C1B96D47400637BC6 /* pickerTests */ = {
			isa = PBXGroup;
			children = (
				069A252F1B96D47400637BC6 /* pickerTests.m */,
				069A252D1B96D47400637BC6 /* Supporting Files */,
			);
			path = pickerTests;
			sourceTree = "<group>";
		};
		069A252D1B96D47400637BC6 /* Supporting Files */ = {
			isa = PBXGroup;
			children = (
				069A252E1B96D47400637BC6 /* Info.plist */,
			);
			name = "Supporting Files";
			sourceTree = "<group>";
		};
/* End PBXGroup section */

/* Begin PBXNativeTarget section */
		069A250F1B96D47400637BC6 /* picker */ = {
			isa = PBXNativeTarget;
			buildConfigurationList = 069A25331B96D47400637BC6 /* Build configuration list for PBXNativeTarget "picker" */;
			buildPhases = (
				069A250C1B96D47400637BC6 /* Sources */,
				069A250D1B96D47400637BC6 /* Frameworks */,
				069A250E1B96D47400637BC6 /* Resources */,
			);
			buildRules = (
			);
			dependencies = (
			);
			name = picker;
			productName = picker;
			productReference = 069A25101B96D47400637BC6 /* picker.app */;
			productType = "com.apple.product-type.application";
		};
		069A25281B96D47400637BC6 /* pickerTests */ = {
			isa = PBXNativeTarget;
			buildConfigurationList = 069A25361B96D47400637BC6 /* Build configuration list for PBXNativeTarget "pickerTests" */;
			buildPhases = (
				069A25251B96D47400637BC6 /* Sources */,
				069A25261B96D47400637BC6 /* Frameworks */,
				069A25271B96D47400637BC6 /* Resources */,
			);
			buildRules = (
			);
			dependencies = (
				069A252B1B96D47400637BC6 /* PBXTargetDependency */,
			);
			name = pickerTests;
			productName = pickerTests;
			productReference = 069A25291B96D47400637BC6 /* pickerTests.xctest */;
			productType = "com.apple.product-type.bundle.unit-test";
		};
/* End PBXNativeTarget section */

/* Begin PBXProject section */
		069A25081B96D47400637BC6 /* Project object */ = {
			isa = PBXProject;
			attributes = {
				LastUpgradeCheck = 0640;
				ORGANIZATIONNAME = "Toraj Ramezai";
				TargetAttributes = {
					069A250F1B96D47400637BC6 = {
						CreatedOnToolsVersion = 6.4;
					};
					069A25281B96D47400637BC6 = {
						CreatedOnToolsVersion = 6.4;
						TestTargetID = 069A250F1B96D47400637BC6;
					};
				};
			};
			buildConfigurationList = 069A250B1B96D47400637BC6 /* Build configuration list for PBXProject "picker" */;
			compatibilityVersion = "Xcode 3.2";
			developmentRegion = English;
			hasScannedForEncodings = 0;
			knownRegions = (
				en,
				Base,
			);
			mainGroup = 069A25071B96D47400637BC6;
			productRefGroup = 069A25111B96D47400637BC6 /* Products */;
			projectDirPath = "";
			projectRoot = "";
			targets = (
				069A250F1B96D47400637BC6 /* picker */,
				069A25281B96D47400637BC6 /* pickerTests */,
			);
		};
/* End PBXProject section */

/* Begin PBXResourcesBuildPhase section */
		069A250E1B96D47400637BC6 /* Resources */ = {
			isa = PBXResourcesBuildPhase;
			buildActionMask = 2147483647;
			files = (
				069A251F1B96D47400637BC6 /* Main.storyboard in Resources */,
				069A25241B96D47400637BC6 /* LaunchScreen.xib in Resources */,
				069A25211B96D47400637BC6 /* Images.xcassets in Resources */,
			);
			runOnlyForDeploymentPostprocessing = 0;
		};
		069A25271B96D47400637BC6 /* Resources */ = {
			isa = PBXResourcesBuildPhase;
			buildActionMask = 2147483647;
			files = (
			);
			runOnlyForDeploymentPostprocessing = 0;
		};
/* End PBXResourcesBuildPhase section */

/* Begin PBXSourcesBuildPhase section */
		069A250C1B96D47400637BC6 /* Sources */ = {
			isa = PBXSourcesBuildPhase;
			buildActionMask = 2147483647;
			files = (
				069A251C1B96D47400637BC6 /* ViewController.m in Sources */,
				069A253B1B96D7AE00637BC6 /* mypicker.m in Sources */,
				069A25191B96D47400637BC6 /* AppDelegate.m in Sources */,
				069A25161B96D47400637BC6 /* main.m in Sources */,
			);
			runOnlyForDeploymentPostprocessing = 0;
		};
		069A25251B96D47400637BC6 /* Sources */ = {
			isa = PBXSourcesBuildPhase;
			buildActionMask = 2147483647;
			files = (
				069A25301B96D47400637BC6 /* pickerTests.m in Sources */,
			);
			runOnlyForDeploymentPostprocessing = 0;
		};
/* End PBXSourcesBuildPhase section */

/* Begin PBXTargetDependency section */
		069A252B1B96D47400637BC6 /* PBXTargetDependency */ = {
			isa = PBXTargetDependency;
			target = 069A250F1B96D47400637BC6 /* picker */;
			targetProxy = 069A252A1B96D47400637BC6 /* PBXContainerItemProxy */;
		};
/* End PBXTargetDependency section */

/* Begin PBXVariantGroup section */
		069A251D1B96D47400637BC6 /* Main.storyboard */ = {
			isa = PBXVariantGroup;
			children = (
				069A251E1B96D47400637BC6 /* Base */,
			);
			name = Main.storyboard;
			sourceTree = "<group>";
		};
		069A25221B96D47400637BC6 /* LaunchScreen.xib */ = {
			isa = PBXVariantGroup;
			children = (
				069A25231B96D47400637BC6 /* Base */,
			);
			name = LaunchScreen.xib;
			sourceTree = "<group>";
		};
/* End PBXVariantGroup section */

/* Begin XCBuildConfiguration section */
		069A25311B96D47400637BC6 /* Debug */ = {
			isa = XCBuildConfiguration;
			buildSettings = {
				ALWAYS_SEARCH_USER_PATHS = NO;
				CLANG_CXX_LANGUAGE_STANDARD = "gnu++0x";
				CLANG_CXX_LIBRARY = "libc++";
				CLANG_ENABLE_MODULES = YES;
				CLANG_ENABLE_OBJC_ARC = YES;
				CLANG_WARN_BOOL_CONVERSION = YES;
				CLANG_WARN_CONSTANT_CONVERSION = YES;
				CLANG_WARN_DIRECT_OBJC_ISA_USAGE = YES_ERROR;
				CLANG_WARN_EMPTY_BODY = YES;
				CLANG_WARN_ENUM_CONVERSION = YES;
				CLANG_WARN_INT_CONVERSION = YES;
				CLANG_WARN_OBJC_ROOT_CLASS = YES_ERROR;
				CLANG_WARN_UNREACHABLE_CODE = YES;
				CLANG_WARN__DUPLICATE_METHOD_MATCH = YES;
				"CODE_SIGN_IDENTITY[sdk=iphoneos*]" = "iPhone Developer";
				COPY_PHASE_STRIP = NO;
				DEBUG_INFORMATION_FORMAT = "dwarf-with-dsym";
				ENABLE_STRICT_OBJC_MSGSEND = YES;
				GCC_C_LANGUAGE_STANDARD = gnu99;
				GCC_DYNAMIC_NO_PIC = NO;
				GCC_NO_COMMON_BLOCKS = YES;
				GCC_OPTIMIZATION_LEVEL = 0;
				GCC_PREPROCESSOR_DEFINITIONS = (
					"DEBUG=1",
					"$(inherited)",
				);
				GCC_SYMBOLS_PRIVATE_EXTERN = NO;
				GCC_WARN_64_TO_32_BIT_CONVERSION = YES;
				GCC_WARN_ABOUT_RETURN_TYPE = YES_ERROR;
				GCC_WARN_UNDECLARED_SELECTOR = YES;
				GCC_WARN_UNINITIALIZED_AUTOS = YES_AGGRESSIVE;
				GCC_WARN_UNUSED_FUNCTION = YES;
				GCC_WARN_UNUSED_VARIABLE = YES;
				IPHONEOS_DEPLOYMENT_TARGET = 8.4;
				MTL_ENABLE_DEBUG_INFO = YES;
				ONLY_ACTIVE_ARCH = YES;
				SDKROOT = iphoneos;
				TARGETED_DEVICE_FAMILY = "1,2";
			};
			name = Debug;
		};
		069A25321B96D47400637BC6 /* Release */ = {
			isa = XCBuildConfiguration;
			buildSettings = {
				ALWAYS_SEARCH_USER_PATHS = NO;
				CLANG_CXX_LANGUAGE_STANDARD = "gnu++0x";
				CLANG_CXX_LIBRARY = "libc++";
				CLANG_ENABLE_MODULES = YES;
				CLANG_ENABLE_OBJC_ARC = YES;
				CLANG_WARN_BOOL_CONVERSION = YES;
				CLANG_WARN_CONSTANT_CONVERSION = YES;
				CLANG_WARN_DIRECT_OBJC_ISA_USAGE = YES_ERROR;
				CLANG_WARN_EMPTY_BODY = YES;
				CLANG_WARN_ENUM_CONVERSION = YES;
				CLANG_WARN_INT_CONVERSION = YES;
				CLANG_WARN_OBJC_ROOT_CLASS = YES_ERROR;
				CLANG_WARN_UNREACHABLE_CODE = YES;
				CLANG_WARN__DUPLICATE_METHOD_MATCH = YES;
				"CODE_SIGN_IDENTITY[sdk=iphoneos*]" = "iPhone Developer";
				COPY_PHASE_STRIP = NO;
				DEBUG_INFORMATION_FORMAT = "dwarf-with-dsym";
				ENABLE_NS_ASSERTIONS = NO;
				ENABLE_STRICT_OBJC_MSGSEND = YES;
				GCC_C_LANGUAGE_STANDARD = gnu99;
				GCC_NO_COMMON_BLOCKS = YES;
				GCC_WARN_64_TO_32_BIT_CONVERSION = YES;
				GCC_WARN_ABOUT_RETURN_TYPE = YES_ERROR;
				GCC_WARN_UNDECLARED_SELECTOR = YES;
				GCC_WARN_UNINITIALIZED_AUTOS = YES_AGGRESSIVE;
				GCC_WARN_UNUSED_FUNCTION = YES;
				GCC_WARN_UNUSED_VARIABLE = YES;
				IPHONEOS_DEPLOYMENT_TARGET = 8.4;
				MTL_ENABLE_DEBUG_INFO = NO;
				SDKROOT = iphoneos;
				TARGETED_DEVICE_FAMILY = "1,2";
				VALIDATE_PRODUCT = YES;
			};
			name = Release;
		};
		069A25341B96D47400637BC6 /* Debug */ = {
			isa = XCBuildConfiguration;
			buildSettings = {
				ASSETCATALOG_COMPILER_APPICON_NAME = AppIcon;
				INFOPLIST_FILE = picker/Info.plist;
				LD_RUNPATH_SEARCH_PATHS = "$(inherited) @executable_path/Frameworks";
				PRODUCT_NAME = "$(TARGET_NAME)";
			};
			name = Debug;
		};
		069A25351B96D47400637BC6 /* Release */ = {
			isa = XCBuildConfiguration;
			buildSettings = {
				ASSETCATALOG_COMPILER_APPICON_NAME = AppIcon;
				INFOPLIST_FILE = picker/Info.plist;
				LD_RUNPATH_SEARCH_PATHS = "$(inherited) @executable_path/Frameworks";
				PRODUCT_NAME = "$(TARGET_NAME)";
			};
			name = Release;
		};
		069A25371B96D47400637BC6 /* Debug */ = {
			isa = XCBuildConfiguration;
			buildSettings = {
				BUNDLE_LOADER = "$(TEST_HOST)";
				FRAMEWORK_SEARCH_PATHS = (
					"$(SDKROOT)/Developer/Library/Frameworks",
					"$(inherited)",
				);
				GCC_PREPROCESSOR_DEFINITIONS = (
					"DEBUG=1",
					"$(inherited)",
				);
				INFOPLIST_FILE = pickerTests/Info.plist;
				LD_RUNPATH_SEARCH_PATHS = "$(inherited) @executable_path/Frameworks @loader_path/Frameworks";
				PRODUCT_NAME = "$(TARGET_NAME)";
				TEST_HOST = "$(BUILT_PRODUCTS_DIR)/picker.app/picker";
			};
			name = Debug;
		};
		069A25381B96D47400637BC6 /* Release */ = {
			isa = XCBuildConfiguration;
			buildSettings = {
				BUNDLE_LOADER = "$(TEST_HOST)";
				FRAMEWORK_SEARCH_PATHS = (
					"$(SDKROOT)/Developer/Library/Frameworks",
					"$(inherited)",
				);
				INFOPLIST_FILE = pickerTests/Info.plist;
				LD_RUNPATH_SEARCH_PATHS = "$(inherited) @executable_path/Frameworks @loader_path/Frameworks";
				PRODUCT_NAME = "$(TARGET_NAME)";
				TEST_HOST = "$(BUILT_PRODUCTS_DIR)/picker.app/picker";
			};
			name = Release;
		};
/* End XCBuildConfiguration section */

/* Begin XCConfigurationList section */
		069A250B1B96D47400637BC6 /* Build configuration list for PBXProject "picker" */ = {
			isa = XCConfigurationList;
			buildConfigurations = (
				069A25311B96D47400637BC6 /* Debug */,
				069A25321B96D47400637BC6 /* Release */,
			);
			defaultConfigurationIsVisible = 0;
			defaultConfigurationName = Release;
		};
		069A25331B96D47400637BC6 /* Build configuration list for PBXNativeTarget "picker" */ = {
			isa = XCConfigurationList;
			buildConfigurations = (
				069A25341B96D47400637BC6 /* Debug */,
				069A25351B96D47400637BC6 /* Release */,
			);
			defaultConfigurationIsVisible = 0;
		};
		069A25361B96D47400637BC6 /* Build configuration list for PBXNativeTarget "pickerTests" */ = {
			isa = XCConfigurationList;
			buildConfigurations = (
				069A25371B96D47400637BC6 /* Debug */,
				069A25381B96D47400637BC6 /* Release */,
			);
			defaultConfigurationIsVisible = 0;
		};
/* End XCConfigurationList section */
	};
	rootObject = 069A25081B96D47400637BC6 /* Project object */;
}
